
Microsoft Visual Studio Solution File, Format Version 12.00
# Visual Studio Version 17
VisualStudioVersion = 17.1.31911.260
MinimumVisualStudioVersion = 10.0.40219.1
Project("{FAE04EC0-301F-11D3-BF4B-00C04F79EFBC}") = "CitasMedicas", "CitasMedicas\CitasMedicas.csproj", "{A3D1F3B0-8BFD-4274-9810-F50AC18DCEF0}"
EndProject
Global
	GlobalSection(SolutionConfigurationPlatforms) = preSolution
		Debug|Any CPU = Debug|Any CPU
		Release|Any CPU = Release|Any CPU
	EndGlobalSection
	GlobalSection(ProjectConfigurationPlatforms) = postSolution
		{A3D1F3B0-8BFD-4274-9810-F50AC18DCEF0}.Debug|Any CPU.ActiveCfg = Debug|Any CPU
		{A3D1F3B0-8BFD-4274-9810-F50AC18DCEF0}.Debug|Any CPU.Build.0 = Debug|Any CPU
		{A3D1F3B0-8BFD-4274-9810-F50AC18DCEF0}.Release|Any CPU.ActiveCfg = Release|Any CPU
		{A3D1F3B0-8BFD-4274-9810-F50AC18DCEF0}.Release|Any CPU.Build.0 = Release|Any CPU
	EndGlobalSection
	GlobalSection(SolutionProperties) = preSolution
		HideSolutionNode = FALSE
	EndGlobalSection
	GlobalSection(ExtensibilityGlobals) = postSolution
		SolutionGuid = {A5FCD478-9934-4612-A96F-7D6BC5D24AF5}
	EndGlobalSection
EndGlobal
